{
  "version": "4",
  "specifiers": {
    "jsr:@std/assert@1": "1.0.6",
    "jsr:@std/assert@^1.0.6": "1.0.6",
    "jsr:@std/fmt@1": "1.0.2",
    "jsr:@std/internal@^1.0.4": "1.0.4",
    "jsr:@std/streams@1": "1.0.6",
    "jsr:@std/testing@1": "1.0.3"
  },
  "jsr": {
    "@std/assert@1.0.6": {
      "integrity": "1904c05806a25d94fe791d6d883b685c9e2dcd60e4f9fc30f4fc5cf010c72207",
      "dependencies": [
        "jsr:@std/internal"
      ]
    },
    "@std/fmt@1.0.2": {
      "integrity": "87e9dfcdd3ca7c066e0c3c657c1f987c82888eb8103a3a3baa62684ffeb0f7a7"
    },
    "@std/internal@1.0.4": {
      "integrity": "62e8e4911527e5e4f307741a795c0b0a9e6958d0b3790716ae71ce085f755422"
    },
    "@std/streams@1.0.6": {
      "integrity": "022ed94e380d06b4d91c49eb70241b7289ab78b8c2b4c4bbb7eb265e4997c25c"
    },
    "@std/testing@1.0.3": {
      "integrity": "f98c2bee53860a5916727d7e7d3abe920dd6f9edace022e2d059f00d05c2cf42",
      "dependencies": [
        "jsr:@std/assert@^1.0.6",
        "jsr:@std/internal"
      ]
    }
  },
  "workspace": {
    "members": {
      "cli": {
        "dependencies": [
          "jsr:@std/assert@1",
          "jsr:@std/fmt@1",
          "jsr:@std/streams@1",
          "jsr:@std/testing@1"
        ]
      }
    }
  }
}
